// !$*UTF8*$!
{
	archiveVersion = 1;
	classes = {
	};
	objectVersion = 46;
	objects = {

/* Begin PBXBuildFile section */
		B6AD197D1BA631BA00A57472 /* AppDelegate.swift in Sources */ = {isa = PBXBuildFile; fileRef = B6AD197C1BA631BA00A57472 /* AppDelegate.swift */; };
		B6AD19841BA631BA00A57472 /* Assets.xcassets in Resources */ = {isa = PBXBuildFile; fileRef = B6AD19831BA631BA00A57472 /* Assets.xcassets */; };
		B6AD19871BA631BA00A57472 /* LaunchScreen.storyboard in Resources */ = {isa = PBXBuildFile; fileRef = B6AD19851BA631BA00A57472 /* LaunchScreen.storyboard */; };
		B6AD19921BA631BA00A57472 /* Parkside_AdmissionsTests.swift in Sources */ = {isa = PBXBuildFile; fileRef = B6AD19911BA631BA00A57472 /* Parkside_AdmissionsTests.swift */; };
		B6AD199D1BA631BA00A57472 /* Parkside_AdmissionsUITests.swift in Sources */ = {isa = PBXBuildFile; fileRef = B6AD199C1BA631BA00A57472 /* Parkside_AdmissionsUITests.swift */; };
		B6AD19B91BA631E500A57472 /* Main.storyboard in Resources */ = {isa = PBXBuildFile; fileRef = B6AD19B11BA631E500A57472 /* Main.storyboard */; };
		B6AD19BB1BA635A700A57472 /* Constants.swift in Sources */ = {isa = PBXBuildFile; fileRef = B6AD19BA1BA635A700A57472 /* Constants.swift */; };
		B6AD19C01BA635CA00A57472 /* MajorSelectViewController.swift in Sources */ = {isa = PBXBuildFile; fileRef = B6AD19BE1BA635CA00A57472 /* MajorSelectViewController.swift */; };
		B6AD19C11BA635CA00A57472 /* PagesController.swift in Sources */ = {isa = PBXBuildFile; fileRef = B6AD19BF1BA635CA00A57472 /* PagesController.swift */; };
		B6AD19C71BA635E200A57472 /* MajorButtonCell.swift in Sources */ = {isa = PBXBuildFile; fileRef = B6AD19C31BA635E200A57472 /* MajorButtonCell.swift */; };
		B6AD19C81BA635E200A57472 /* MKButton.swift in Sources */ = {isa = PBXBuildFile; fileRef = B6AD19C41BA635E200A57472 /* MKButton.swift */; };
		B6AD19C91BA635E200A57472 /* MKColor.swift in Sources */ = {isa = PBXBuildFile; fileRef = B6AD19C51BA635E200A57472 /* MKColor.swift */; };
		B6AD19CA1BA635E200A57472 /* MKLayer.swift in Sources */ = {isa = PBXBuildFile; fileRef = B6AD19C61BA635E200A57472 /* MKLayer.swift */; };
/* End PBXBuildFile section */

/* Begin PBXContainerItemProxy section */
		B6AD198E1BA631BA00A57472 /* PBXContainerItemProxy */ = {
			isa = PBXContainerItemProxy;
			containerPortal = B6AD19711BA631BA00A57472 /* Project object */;
			proxyType = 1;
			remoteGlobalIDString = B6AD19781BA631BA00A57472;
			remoteInfo = "Parkside Admissions";
		};
		B6AD19991BA631BA00A57472 /* PBXContainerItemProxy */ = {
			isa = PBXContainerItemProxy;
			containerPortal = B6AD19711BA631BA00A57472 /* Project object */;
			proxyType = 1;
			remoteGlobalIDString = B6AD19781BA631BA00A57472;
			remoteInfo = "Parkside Admissions";
		};
/* End PBXContainerItemProxy section */

/* Begin PBXFileReference section */
		B6AD19791BA631BA00A57472 /* Parkside Admissions.app */ = {isa = PBXFileReference; explicitFileType = wrapper.application; includeInIndex = 0; path = "Parkside Admissions.app"; sourceTree = BUILT_PRODUCTS_DIR; };
		B6AD197C1BA631BA00A57472 /* AppDelegate.swift */ = {isa = PBXFileReference; lastKnownFileType = sourcecode.swift; path = AppDelegate.swift; sourceTree = "<group>"; };
		B6AD19831BA631BA00A57472 /* Assets.xcassets */ = {isa = PBXFileReference; lastKnownFileType = folder.assetcatalog; path = Assets.xcassets; sourceTree = "<group>"; };
		B6AD19861BA631BA00A57472 /* Base */ = {isa = PBXFileReference; lastKnownFileType = file.storyboard; name = Base; path = Base.lproj/LaunchScreen.storyboard; sourceTree = "<group>"; };
		B6AD19881BA631BA00A57472 /* Info.plist */ = {isa = PBXFileReference; lastKnownFileType = text.plist.xml; path = Info.plist; sourceTree = "<group>"; };
		B6AD198D1BA631BA00A57472 /* Parkside AdmissionsTests.xctest */ = {isa = PBXFileReference; explicitFileType = wrapper.cfbundle; includeInIndex = 0; path = "Parkside AdmissionsTests.xctest"; sourceTree = BUILT_PRODUCTS_DIR; };
		B6AD19911BA631BA00A57472 /* Parkside_AdmissionsTests.swift */ = {isa = PBXFileReference; lastKnownFileType = sourcecode.swift; path = Parkside_AdmissionsTests.swift; sourceTree = "<group>"; };
		B6AD19931BA631BA00A57472 /* Info.plist */ = {isa = PBXFileReference; lastKnownFileType = text.plist.xml; path = Info.plist; sourceTree = "<group>"; };
		B6AD19981BA631BA00A57472 /* Parkside AdmissionsUITests.xctest */ = {isa = PBXFileReference; explicitFileType = wrapper.cfbundle; includeInIndex = 0; path = "Parkside AdmissionsUITests.xctest"; sourceTree = BUILT_PRODUCTS_DIR; };
		B6AD199C1BA631BA00A57472 /* Parkside_AdmissionsUITests.swift */ = {isa = PBXFileReference; lastKnownFileType = sourcecode.swift; path = Parkside_AdmissionsUITests.swift; sourceTree = "<group>"; };
		B6AD199E1BA631BA00A57472 /* Info.plist */ = {isa = PBXFileReference; lastKnownFileType = text.plist.xml; path = Info.plist; sourceTree = "<group>"; };
		B6AD19B11BA631E500A57472 /* Main.storyboard */ = {isa = PBXFileReference; fileEncoding = 4; lastKnownFileType = file.storyboard; path = Main.storyboard; sourceTree = "<group>"; };
		B6AD19BA1BA635A700A57472 /* Constants.swift */ = {isa = PBXFileReference; fileEncoding = 4; lastKnownFileType = sourcecode.swift; name = Constants.swift; path = Model/Constants.swift; sourceTree = "<group>"; };
		B6AD19BE1BA635CA00A57472 /* MajorSelectViewController.swift */ = {isa = PBXFileReference; fileEncoding = 4; lastKnownFileType = sourcecode.swift; name = MajorSelectViewController.swift; path = "View Controllers/MajorSelectViewController.swift"; sourceTree = "<group>"; };
		B6AD19BF1BA635CA00A57472 /* PagesController.swift */ = {isa = PBXFileReference; fileEncoding = 4; lastKnownFileType = sourcecode.swift; name = PagesController.swift; path = "View Controllers/PagesController.swift"; sourceTree = "<group>"; };
		B6AD19C31BA635E200A57472 /* MajorButtonCell.swift */ = {isa = PBXFileReference; fileEncoding = 4; lastKnownFileType = sourcecode.swift; name = MajorButtonCell.swift; path = Views/MajorButtonCell.swift; sourceTree = "<group>"; };
		B6AD19C41BA635E200A57472 /* MKButton.swift */ = {isa = PBXFileReference; fileEncoding = 4; lastKnownFileType = sourcecode.swift; name = MKButton.swift; path = Views/MKButton.swift; sourceTree = "<group>"; };
		B6AD19C51BA635E200A57472 /* MKColor.swift */ = {isa = PBXFileReference; fileEncoding = 4; lastKnownFileType = sourcecode.swift; name = MKColor.swift; path = Views/MKColor.swift; sourceTree = "<group>"; };
		B6AD19C61BA635E200A57472 /* MKLayer.swift */ = {isa = PBXFileReference; fileEncoding = 4; lastKnownFileType = sourcecode.swift; name = MKLayer.swift; path = Views/MKLayer.swift; sourceTree = "<group>"; };
/* End PBXFileReference section */

/* Begin PBXFrameworksBuildPhase section */
		B6AD19761BA631BA00A57472 /* Frameworks */ = {
			isa = PBXFrameworksBuildPhase;
			buildActionMask = 2147483647;
			files = (
			);
			runOnlyForDeploymentPostprocessing = 0;
		};
		B6AD198A1BA631BA00A57472 /* Frameworks */ = {
			isa = PBXFrameworksBuildPhase;
			buildActionMask = 2147483647;
			files = (
			);
			runOnlyForDeploymentPostprocessing = 0;
		};
		B6AD19951BA631BA00A57472 /* Frameworks */ = {
			isa = PBXFrameworksBuildPhase;
			buildActionMask = 2147483647;
			files = (
			);
			runOnlyForDeploymentPostprocessing = 0;
		};
/* End PBXFrameworksBuildPhase section */

/* Begin PBXGroup section */
		B6AD19701BA631BA00A57472 = {
			isa = PBXGroup;
			children = (
				B6AD197B1BA631BA00A57472 /* Parkside Admissions */,
				B6AD19901BA631BA00A57472 /* Parkside AdmissionsTests */,
				B6AD199B1BA631BA00A57472 /* Parkside AdmissionsUITests */,
				B6AD197A1BA631BA00A57472 /* Products */,
			);
			sourceTree = "<group>";
		};
		B6AD197A1BA631BA00A57472 /* Products */ = {
			isa = PBXGroup;
			children = (
				B6AD19791BA631BA00A57472 /* Parkside Admissions.app */,
				B6AD198D1BA631BA00A57472 /* Parkside AdmissionsTests.xctest */,
				B6AD19981BA631BA00A57472 /* Parkside AdmissionsUITests.xctest */,
			);
			name = Products;
			sourceTree = "<group>";
		};
		B6AD197B1BA631BA00A57472 /* Parkside Admissions */ = {
			isa = PBXGroup;
			children = (
				B6AD197C1BA631BA00A57472 /* AppDelegate.swift */,
				B6AD19C21BA635D200A57472 /* Views */,
				B6AD19BC1BA635AB00A57472 /* Model */,
				B6AD19BD1BA635BC00A57472 /* View Controllers */,
				B6AD19B11BA631E500A57472 /* Main.storyboard */,
				B6AD19831BA631BA00A57472 /* Assets.xcassets */,
				B6AD19851BA631BA00A57472 /* LaunchScreen.storyboard */,
				B6AD19881BA631BA00A57472 /* Info.plist */,
			);
			path = "Parkside Admissions";
			sourceTree = "<group>";
		};
		B6AD19901BA631BA00A57472 /* Parkside AdmissionsTests */ = {
			isa = PBXGroup;
			children = (
				B6AD19911BA631BA00A57472 /* Parkside_AdmissionsTests.swift */,
				B6AD19931BA631BA00A57472 /* Info.plist */,
			);
			path = "Parkside AdmissionsTests";
			sourceTree = "<group>";
		};
		B6AD199B1BA631BA00A57472 /* Parkside AdmissionsUITests */ = {
			isa = PBXGroup;
			children = (
				B6AD199C1BA631BA00A57472 /* Parkside_AdmissionsUITests.swift */,
				B6AD199E1BA631BA00A57472 /* Info.plist */,
			);
			path = "Parkside AdmissionsUITests";
			sourceTree = "<group>";
		};
		B6AD19BC1BA635AB00A57472 /* Model */ = {
			isa = PBXGroup;
			children = (
				B6AD19BA1BA635A700A57472 /* Constants.swift */,
			);
			name = Model;
			sourceTree = "<group>";
		};
		B6AD19BD1BA635BC00A57472 /* View Controllers */ = {
			isa = PBXGroup;
			children = (
				B6AD19BE1BA635CA00A57472 /* MajorSelectViewController.swift */,
				B6AD19BF1BA635CA00A57472 /* PagesController.swift */,
			);
			name = "View Controllers";
			sourceTree = "<group>";
		};
		B6AD19C21BA635D200A57472 /* Views */ = {
			isa = PBXGroup;
			children = (
				B6AD19C31BA635E200A57472 /* MajorButtonCell.swift */,
				B6AD19C41BA635E200A57472 /* MKButton.swift */,
				B6AD19C51BA635E200A57472 /* MKColor.swift */,
				B6AD19C61BA635E200A57472 /* MKLayer.swift */,
			);
			name = Views;
			sourceTree = "<group>";
		};
/* End PBXGroup section */

/* Begin PBXNativeTarget section */
		B6AD19781BA631BA00A57472 /* Parkside Admissions */ = {
			isa = PBXNativeTarget;
			buildConfigurationList = B6AD19A11BA631BA00A57472 /* Build configuration list for PBXNativeTarget "Parkside Admissions" */;
			buildPhases = (
				B6AD19751BA631BA00A57472 /* Sources */,
				B6AD19761BA631BA00A57472 /* Frameworks */,
				B6AD19771BA631BA00A57472 /* Resources */,
			);
			buildRules = (
			);
			dependencies = (
			);
			name = "Parkside Admissions";
			productName = "Parkside Admissions";
			productReference = B6AD19791BA631BA00A57472 /* Parkside Admissions.app */;
			productType = "com.apple.product-type.application";
		};
		B6AD198C1BA631BA00A57472 /* Parkside AdmissionsTests */ = {
			isa = PBXNativeTarget;
			buildConfigurationList = B6AD19A41BA631BA00A57472 /* Build configuration list for PBXNativeTarget "Parkside AdmissionsTests" */;
			buildPhases = (
				B6AD19891BA631BA00A57472 /* Sources */,
				B6AD198A1BA631BA00A57472 /* Frameworks */,
				B6AD198B1BA631BA00A57472 /* Resources */,
			);
			buildRules = (
			);
			dependencies = (
				B6AD198F1BA631BA00A57472 /* PBXTargetDependency */,
			);
			name = "Parkside AdmissionsTests";
			productName = "Parkside AdmissionsTests";
			productReference = B6AD198D1BA631BA00A57472 /* Parkside AdmissionsTests.xctest */;
			productType = "com.apple.product-type.bundle.unit-test";
		};
		B6AD19971BA631BA00A57472 /* Parkside AdmissionsUITests */ = {
			isa = PBXNativeTarget;
			buildConfigurationList = B6AD19A71BA631BA00A57472 /* Build configuration list for PBXNativeTarget "Parkside AdmissionsUITests" */;
			buildPhases = (
				B6AD19941BA631BA00A57472 /* Sources */,
				B6AD19951BA631BA00A57472 /* Frameworks */,
				B6AD19961BA631BA00A57472 /* Resources */,
			);
			buildRules = (
			);
			dependencies = (
				B6AD199A1BA631BA00A57472 /* PBXTargetDependency */,
			);
			name = "Parkside AdmissionsUITests";
			productName = "Parkside AdmissionsUITests";
			productReference = B6AD19981BA631BA00A57472 /* Parkside AdmissionsUITests.xctest */;
			productType = "com.apple.product-type.bundle.ui-testing";
		};
/* End PBXNativeTarget section */

/* Begin PBXProject section */
		B6AD19711BA631BA00A57472 /* Project object */ = {
			isa = PBXProject;
			attributes = {
				LastUpgradeCheck = 0700;
				ORGANIZATIONNAME = "University Of Wisconsin Parkside";
				TargetAttributes = {
					B6AD19781BA631BA00A57472 = {
						CreatedOnToolsVersion = 7.0;
					};
					B6AD198C1BA631BA00A57472 = {
						CreatedOnToolsVersion = 7.0;
						TestTargetID = B6AD19781BA631BA00A57472;
					};
					B6AD19971BA631BA00A57472 = {
						CreatedOnToolsVersion = 7.0;
						TestTargetID = B6AD19781BA631BA00A57472;
					};
				};
			};
			buildConfigurationList = B6AD19741BA631BA00A57472 /* Build configuration list for PBXProject "Parkside Admissions" */;
			compatibilityVersion = "Xcode 3.2";
			developmentRegion = English;
			hasScannedForEncodings = 0;
			knownRegions = (
				en,
				Base,
			);
			mainGroup = B6AD19701BA631BA00A57472;
			productRefGroup = B6AD197A1BA631BA00A57472 /* Products */;
			projectDirPath = "";
			projectRoot = "";
			targets = (
				B6AD19781BA631BA00A57472 /* Parkside Admissions */,
				B6AD198C1BA631BA00A57472 /* Parkside AdmissionsTests */,
				B6AD19971BA631BA00A57472 /* Parkside AdmissionsUITests */,
			);
		};
/* End PBXProject section */

/* Begin PBXResourcesBuildPhase section */
		B6AD19771BA631BA00A57472 /* Resources */ = {
			isa = PBXResourcesBuildPhase;
			buildActionMask = 2147483647;
			files = (
				B6AD19B91BA631E500A57472 /* Main.storyboard in Resources */,
				B6AD19871BA631BA00A57472 /* LaunchScreen.storyboard in Resources */,
				B6AD19841BA631BA00A57472 /* Assets.xcassets in Resources */,
			);
			runOnlyForDeploymentPostprocessing = 0;
		};
		B6AD198B1BA631BA00A57472 /* Resources */ = {
			isa = PBXResourcesBuildPhase;
			buildActionMask = 2147483647;
			files = (
			);
			runOnlyForDeploymentPostprocessing = 0;
		};
		B6AD19961BA631BA00A57472 /* Resources */ = {
			isa = PBXResourcesBuildPhase;
			buildActionMask = 2147483647;
			files = (
			);
			runOnlyForDeploymentPostprocessing = 0;
		};
/* End PBXResourcesBuildPhase section */

/* Begin PBXSourcesBuildPhase section */
		B6AD19751BA631BA00A57472 /* Sources */ = {
			isa = PBXSourcesBuildPhase;
			buildActionMask = 2147483647;
			files = (
				B6AD19C11BA635CA00A57472 /* PagesController.swift in Sources */,
				B6AD19C71BA635E200A57472 /* MajorButtonCell.swift in Sources */,
				B6AD197D1BA631BA00A57472 /* AppDelegate.swift in Sources */,
				B6AD19C81BA635E200A57472 /* MKButton.swift in Sources */,
				B6AD19BB1BA635A700A57472 /* Constants.swift in Sources */,
				B6AD19CA1BA635E200A57472 /* MKLayer.swift in Sources */,
				B6AD19C91BA635E200A57472 /* MKColor.swift in Sources */,
				B6AD19C01BA635CA00A57472 /* MajorSelectViewController.swift in Sources */,
			);
			runOnlyForDeploymentPostprocessing = 0;
		};
		B6AD19891BA631BA00A57472 /* Sources */ = {
			isa = PBXSourcesBuildPhase;
			buildActionMask = 2147483647;
			files = (
				B6AD19921BA631BA00A57472 /* Parkside_AdmissionsTests.swift in Sources */,
			);
			runOnlyForDeploymentPostprocessing = 0;
		};
		B6AD19941BA631BA00A57472 /* Sources */ = {
			isa = PBXSourcesBuildPhase;
			buildActionMask = 2147483647;
			files = (
				B6AD199D1BA631BA00A57472 /* Parkside_AdmissionsUITests.swift in Sources */,
			);
			runOnlyForDeploymentPostprocessing = 0;
		};
/* End PBXSourcesBuildPhase section */

/* Begin PBXTargetDependency section */
		B6AD198F1BA631BA00A57472 /* PBXTargetDependency */ = {
			isa = PBXTargetDependency;
			target = B6AD19781BA631BA00A57472 /* Parkside Admissions */;
			targetProxy = B6AD198E1BA631BA00A57472 /* PBXContainerItemProxy */;
		};
		B6AD199A1BA631BA00A57472 /* PBXTargetDependency */ = {
			isa = PBXTargetDependency;
			target = B6AD19781BA631BA00A57472 /* Parkside Admissions */;
			targetProxy = B6AD19991BA631BA00A57472 /* PBXContainerItemProxy */;
		};
/* End PBXTargetDependency section */

/* Begin PBXVariantGroup section */
		B6AD19851BA631BA00A57472 /* LaunchScreen.storyboard */ = {
			isa = PBXVariantGroup;
			children = (
				B6AD19861BA631BA00A57472 /* Base */,
			);
			name = LaunchScreen.storyboard;
			sourceTree = "<group>";
		};
/* End PBXVariantGroup section */

/* Begin XCBuildConfiguration section */
		B6AD199F1BA631BA00A57472 /* Debug */ = {
			isa = XCBuildConfiguration;
			buildSettings = {
				ALWAYS_SEARCH_USER_PATHS = NO;
				CLANG_CXX_LANGUAGE_STANDARD = "gnu++0x";
				CLANG_CXX_LIBRARY = "libc++";
				CLANG_ENABLE_MODULES = YES;
				CLANG_ENABLE_OBJC_ARC = YES;
				CLANG_WARN_BOOL_CONVERSION = YES;
				CLANG_WARN_CONSTANT_CONVERSION = YES;
				CLANG_WARN_DIRECT_OBJC_ISA_USAGE = YES_ERROR;
				CLANG_WARN_EMPTY_BODY = YES;
				CLANG_WARN_ENUM_CONVERSION = YES;
				CLANG_WARN_INT_CONVERSION = YES;
				CLANG_WARN_OBJC_ROOT_CLASS = YES_ERROR;
				CLANG_WARN_UNREACHABLE_CODE = YES;
				CLANG_WARN__DUPLICATE_METHOD_MATCH = YES;
				"CODE_SIGN_IDENTITY[sdk=iphoneos*]" = "iPhone Developer";
				COPY_PHASE_STRIP = NO;
				DEBUG_INFORMATION_FORMAT = dwarf;
				ENABLE_STRICT_OBJC_MSGSEND = YES;
				ENABLE_TESTABILITY = YES;
				GCC_C_LANGUAGE_STANDARD = gnu99;
				GCC_DYNAMIC_NO_PIC = NO;
				GCC_NO_COMMON_BLOCKS = YES;
				GCC_OPTIMIZATION_LEVEL = 0;
				GCC_PREPROCESSOR_DEFINITIONS = (
					"DEBUG=1",
					"$(inherited)",
				);
				GCC_WARN_64_TO_32_BIT_CONVERSION = YES;
				GCC_WARN_ABOUT_RETURN_TYPE = YES_ERROR;
				GCC_WARN_UNDECLARED_SELECTOR = YES;
				GCC_WARN_UNINITIALIZED_AUTOS = YES_AGGRESSIVE;
				GCC_WARN_UNUSED_FUNCTION = YES;
				GCC_WARN_UNUSED_VARIABLE = YES;
				IPHONEOS_DEPLOYMENT_TARGET = 8.0;
				MTL_ENABLE_DEBUG_INFO = YES;
				ONLY_ACTIVE_ARCH = YES;
				SDKROOT = iphoneos;
				SWIFT_OPTIMIZATION_LEVEL = "-Onone";
				TARGETED_DEVICE_FAMILY = 2;
			};
			name = Debug;
		};
		B6AD19A01BA631BA00A57472 /* Release */ = {
			isa = XCBuildConfiguration;
			buildSettings = {
				ALWAYS_SEARCH_USER_PATHS = NO;
				CLANG_CXX_LANGUAGE_STANDARD = "gnu++0x";
				CLANG_CXX_LIBRARY = "libc++";
				CLANG_ENABLE_MODULES = YES;
				CLANG_ENABLE_OBJC_ARC = YES;
				CLANG_WARN_BOOL_CONVERSION = YES;
				CLANG_WARN_CONSTANT_CONVERSION = YES;
				CLANG_WARN_DIRECT_OBJC_ISA_USAGE = YES_ERROR;
				CLANG_WARN_EMPTY_BODY = YES;
				CLANG_WARN_ENUM_CONVERSION = YES;
				CLANG_WARN_INT_CONVERSION = YES;
				CLANG_WARN_OBJC_ROOT_CLASS = YES_ERROR;
				CLANG_WARN_UNREACHABLE_CODE = YES;
				CLANG_WARN__DUPLICATE_METHOD_MATCH = YES;
				"CODE_SIGN_IDENTITY[sdk=iphoneos*]" = "iPhone Developer";
				COPY_PHASE_STRIP = NO;
				DEBUG_INFORMATION_FORMAT = "dwarf-with-dsym";
				ENABLE_NS_ASSERTIONS = NO;
				ENABLE_STRICT_OBJC_MSGSEND = YES;
				GCC_C_LANGUAGE_STANDARD = gnu99;
				GCC_NO_COMMON_BLOCKS = YES;
				GCC_WARN_64_TO_32_BIT_CONVERSION = YES;
				GCC_WARN_ABOUT_RETURN_TYPE = YES_ERROR;
				GCC_WARN_UNDECLARED_SELECTOR = YES;
				GCC_WARN_UNINITIALIZED_AUTOS = YES_AGGRESSIVE;
				GCC_WARN_UNUSED_FUNCTION = YES;
				GCC_WARN_UNUSED_VARIABLE = YES;
				IPHONEOS_DEPLOYMENT_TARGET = 8.0;
				MTL_ENABLE_DEBUG_INFO = NO;
				SDKROOT = iphoneos;
				TARGETED_DEVICE_FAMILY = 2;
				VALIDATE_PRODUCT = YES;
			};
			name = Release;
		};
		B6AD19A21BA631BA00A57472 /* Debug */ = {
			isa = XCBuildConfiguration;
			buildSettings = {
				ASSETCATALOG_COMPILER_APPICON_NAME = AppIcon;
				INFOPLIST_FILE = "Parkside Admissions/Info.plist";
				IPHONEOS_DEPLOYMENT_TARGET = 8.0;
				LD_RUNPATH_SEARCH_PATHS = "$(inherited) @executable_path/Frameworks";
				PRODUCT_BUNDLE_IDENTIFIER = "edu.uwp.Parkside-Admissions";
				PRODUCT_NAME = "$(TARGET_NAME)";
			};
			name = Debug;
		};
		B6AD19A31BA631BA00A57472 /* Release */ = {
			isa = XCBuildConfiguration;
			buildSettings = {
				ASSETCATALOG_COMPILER_APPICON_NAME = AppIcon;
				INFOPLIST_FILE = "Parkside Admissions/Info.plist";
				IPHONEOS_DEPLOYMENT_TARGET = 8.0;
				LD_RUNPATH_SEARCH_PATHS = "$(inherited) @executable_path/Frameworks";
				PRODUCT_BUNDLE_IDENTIFIER = "edu.uwp.Parkside-Admissions";
				PRODUCT_NAME = "$(TARGET_NAME)";
			};
			name = Release;
		};
		B6AD19A51BA631BA00A57472 /* Debug */ = {
			isa = XCBuildConfiguration;
			buildSettings = {
				BUNDLE_LOADER = "$(TEST_HOST)";
				INFOPLIST_FILE = "Parkside AdmissionsTests/Info.plist";
				LD_RUNPATH_SEARCH_PATHS = "$(inherited) @executable_path/Frameworks @loader_path/Frameworks";
				PRODUCT_BUNDLE_IDENTIFIER = "edu.uwp.Parkside-AdmissionsTests";
				PRODUCT_NAME = "$(TARGET_NAME)";
				TEST_HOST = "$(BUILT_PRODUCTS_DIR)/Parkside Admissions.app/Parkside Admissions";
			};
			name = Debug;
		};
		B6AD19A61BA631BA00A57472 /* Release */ = {
			isa = XCBuildConfiguration;
			buildSettings = {
				BUNDLE_LOADER = "$(TEST_HOST)";
				INFOPLIST_FILE = "Parkside AdmissionsTests/Info.plist";
				LD_RUNPATH_SEARCH_PATHS = "$(inherited) @executable_path/Frameworks @loader_path/Frameworks";
				PRODUCT_BUNDLE_IDENTIFIER = "edu.uwp.Parkside-AdmissionsTests";
				PRODUCT_NAME = "$(TARGET_NAME)";
				TEST_HOST = "$(BUILT_PRODUCTS_DIR)/Parkside Admissions.app/Parkside Admissions";
			};
			name = Release;
		};
		B6AD19A81BA631BA00A57472 /* Debug */ = {
			isa = XCBuildConfiguration;
			buildSettings = {
				INFOPLIST_FILE = "Parkside AdmissionsUITests/Info.plist";
				LD_RUNPATH_SEARCH_PATHS = "$(inherited) @executable_path/Frameworks @loader_path/Frameworks";
				PRODUCT_BUNDLE_IDENTIFIER = "edu.uwp.Parkside-AdmissionsUITests";
				PRODUCT_NAME = "$(TARGET_NAME)";
				TEST_TARGET_NAME = "Parkside Admissions";
				USES_XCTRUNNER = YES;
			};
			name = Debug;
		};
		B6AD19A91BA631BA00A57472 /* Release */ = {
			isa = XCBuildConfiguration;
			buildSettings = {
				INFOPLIST_FILE = "Parkside AdmissionsUITests/Info.plist";
				LD_RUNPATH_SEARCH_PATHS = "$(inherited) @executable_path/Frameworks @loader_path/Frameworks";
				PRODUCT_BUNDLE_IDENTIFIER = "edu.uwp.Parkside-AdmissionsUITests";
				PRODUCT_NAME = "$(TARGET_NAME)";
				TEST_TARGET_NAME = "Parkside Admissions";
				USES_XCTRUNNER = YES;
			};
			name = Release;
		};
/* End XCBuildConfiguration section */

/* Begin XCConfigurationList section */
		B6AD19741BA631BA00A57472 /* Build configuration list for PBXProject "Parkside Admissions" */ = {
			isa = XCConfigurationList;
			buildConfigurations = (
				B6AD199F1BA631BA00A57472 /* Debug */,
				B6AD19A01BA631BA00A57472 /* Release */,
			);
			defaultConfigurationIsVisible = 0;
			defaultConfigurationName = Release;
		};
		B6AD19A11BA631BA00A57472 /* Build configuration list for PBXNativeTarget "Parkside Admissions" */ = {
			isa = XCConfigurationList;
			buildConfigurations = (
				B6AD19A21BA631BA00A57472 /* Debug */,
				B6AD19A31BA631BA00A57472 /* Release */,
			);
			defaultConfigurationIsVisible = 0;
		};
		B6AD19A41BA631BA00A57472 /* Build configuration list for PBXNativeTarget "Parkside AdmissionsTests" */ = {
			isa = XCConfigurationList;
			buildConfigurations = (
				B6AD19A51BA631BA00A57472 /* Debug */,
				B6AD19A61BA631BA00A57472 /* Release */,
			);
			defaultConfigurationIsVisible = 0;
		};
		B6AD19A71BA631BA00A57472 /* Build configuration list for PBXNativeTarget "Parkside AdmissionsUITests" */ = {
			isa = XCConfigurationList;
			buildConfigurations = (
				B6AD19A81BA631BA00A57472 /* Debug */,
				B6AD19A91BA631BA00A57472 /* Release */,
			);
			defaultConfigurationIsVisible = 0;
		};
/* End XCConfigurationList section */
	};
	rootObject = B6AD19711BA631BA00A57472 /* Project object */;
}
